
Microsoft Visual Studio Solution File, Format Version 12.00
# Visual Studio Version 16
VisualStudioVersion = 16.0.33328.57
MinimumVisualStudioVersion = 10.0.40219.1
Project("{FAE04EC0-301F-11D3-BF4B-00C04F79EFBC}") = "Ejercicio4", "Ejercicio4\Ejercicio4.csproj", "{10D52945-D91F-4D6A-A2B1-75A967C84CC8}"
EndProject
Global
	GlobalSection(SolutionConfigurationPlatforms) = preSolution
		Debug|Any CPU = Debug|Any CPU
		Release|Any CPU = Release|Any CPU
	EndGlobalSection
	GlobalSection(ProjectConfigurationPlatforms) = postSolution
		{10D52945-D91F-4D6A-A2B1-75A967C84CC8}.Debug|Any CPU.ActiveCfg = Debug|Any CPU
		{10D52945-D91F-4D6A-A2B1-75A967C84CC8}.Debug|Any CPU.Build.0 = Debug|Any CPU
		{10D52945-D91F-4D6A-A2B1-75A967C84CC8}.Release|Any CPU.ActiveCfg = Release|Any CPU
		{10D52945-D91F-4D6A-A2B1-75A967C84CC8}.Release|Any CPU.Build.0 = Release|Any CPU
	EndGlobalSection
	GlobalSection(SolutionProperties) = preSolution
		HideSolutionNode = FALSE
	EndGlobalSection
	GlobalSection(ExtensibilityGlobals) = postSolution
		SolutionGuid = {849ADF9D-7807-4F36-A0D4-50953B01BEFD}
	EndGlobalSection
EndGlobal
